{
  "version": 4,
  "terraform_version": "1.1.6",
  "serial": 35,
  "lineage": "c2c86fc6-35d5-4ebc-430c-570a3c92a9ad",
  "outputs": {},
  "resources": [
    {
      "module": "module.dynamodb",
      "mode": "managed",
      "type": "aws_dynamodb_table",
      "name": "news_table",
      "provider": "provider[\"registry.terraform.io/hashicorp/aws\"]",
      "instances": [
        {
          "schema_version": 1,
          "attributes": {
            "arn": "arn:aws:dynamodb:ap-northeast-1:397693451628:table/slack-table",
            "attribute": [
              {
                "name": "slackToken",
                "type": "S"
              }
            ],
            "billing_mode": "PROVISIONED",
            "global_secondary_index": [],
            "hash_key": "slackToken",
            "id": "slack-table",
            "local_secondary_index": [],
            "name": "slack-table",
            "point_in_time_recovery": [
              {
                "enabled": false
              }
            ],
            "range_key": null,
            "read_capacity": 1,
            "replica": [],
            "restore_date_time": null,
            "restore_source_name": null,
            "restore_to_latest_time": null,
            "server_side_encryption": [],
            "stream_arn": "",
            "stream_enabled": false,
            "stream_label": "",
            "stream_view_type": "",
            "table_class": "",
            "tags": {},
            "tags_all": {},
            "timeouts": null,
            "ttl": [
              {
                "attribute_name": "",
                "enabled": false
              }
            ],
            "write_capacity": 1
          },
          "sensitive_attributes": [],
          "private": "eyJlMmJmYjczMC1lY2FhLTExZTYtOGY4OC0zNDM2M2JjN2M0YzAiOnsiY3JlYXRlIjoxODAwMDAwMDAwMDAwLCJkZWxldGUiOjYwMDAwMDAwMDAwMCwidXBkYXRlIjozNjAwMDAwMDAwMDAwfSwic2NoZW1hX3ZlcnNpb24iOiIxIn0="
        }
      ]
    },
    {
      "module": "module.web_api",
      "mode": "data",
      "type": "aws_iam_policy_document",
      "name": "lambda_role_assume_policy_document",
      "provider": "provider[\"registry.terraform.io/hashicorp/aws\"]",
      "instances": [
        {
          "schema_version": 0,
          "attributes": {
            "id": "3693445097",
            "json": "{\n  \"Version\": \"2012-10-17\",\n  \"Statement\": [\n    {\n      \"Sid\": \"\",\n      \"Effect\": \"Allow\",\n      \"Action\": \"sts:AssumeRole\",\n      \"Principal\": {\n        \"Service\": \"lambda.amazonaws.com\"\n      }\n    }\n  ]\n}",
            "override_json": null,
            "override_policy_documents": null,
            "policy_id": null,
            "source_json": null,
            "source_policy_documents": null,
            "statement": [
              {
                "actions": [
                  "sts:AssumeRole"
                ],
                "condition": [],
                "effect": "Allow",
                "not_actions": [],
                "not_principals": [],
                "not_resources": [],
                "principals": [
                  {
                    "identifiers": [
                      "lambda.amazonaws.com"
                    ],
                    "type": "Service"
                  }
                ],
                "resources": [],
                "sid": ""
              }
            ],
            "version": "2012-10-17"
          },
          "sensitive_attributes": []
        }
      ]
    },
    {
      "module": "module.web_api",
      "mode": "data",
      "type": "aws_iam_policy_document",
      "name": "lambda_role_iam_policy_document",
      "provider": "provider[\"registry.terraform.io/hashicorp/aws\"]",
      "instances": [
        {
          "schema_version": 0,
          "attributes": {
            "id": "4192902640",
            "json": "{\n  \"Version\": \"2012-10-17\",\n  \"Statement\": [\n    {\n      \"Sid\": \"\",\n      \"Effect\": \"Allow\",\n      \"Action\": [\n        \"logs:PutLogEvents\",\n        \"logs:CreateLogStream\",\n        \"logs:CreateLogGroup\",\n        \"dynamodb:*\"\n      ],\n      \"Resource\": \"*\"\n    }\n  ]\n}",
            "override_json": null,
            "override_policy_documents": null,
            "policy_id": null,
            "source_json": null,
            "source_policy_documents": null,
            "statement": [
              {
                "actions": [
                  "dynamodb:*",
                  "logs:CreateLogGroup",
                  "logs:CreateLogStream",
                  "logs:PutLogEvents"
                ],
                "condition": [],
                "effect": "Allow",
                "not_actions": [],
                "not_principals": [],
                "not_resources": [],
                "principals": [],
                "resources": [
                  "*"
                ],
                "sid": ""
              }
            ],
            "version": "2012-10-17"
          },
          "sensitive_attributes": []
        }
      ]
    },
    {
      "module": "module.web_api",
      "mode": "managed",
      "type": "aws_iam_policy",
      "name": "lambda_role_policy",
      "provider": "provider[\"registry.terraform.io/hashicorp/aws\"]",
      "instances": [
        {
          "schema_version": 0,
          "attributes": {
            "arn": "arn:aws:iam::397693451628:policy/lambda-role-policy",
            "description": "",
            "id": "arn:aws:iam::397693451628:policy/lambda-role-policy",
            "name": "lambda-role-policy",
            "name_prefix": null,
            "path": "/",
            "policy": "{\"Statement\":[{\"Action\":[\"logs:PutLogEvents\",\"logs:CreateLogStream\",\"logs:CreateLogGroup\",\"dynamodb:*\"],\"Effect\":\"Allow\",\"Resource\":\"*\",\"Sid\":\"\"}],\"Version\":\"2012-10-17\"}",
            "policy_id": "ANPAVZGDAPVWHD6XZNVQC",
            "tags": {},
            "tags_all": {}
          },
          "sensitive_attributes": [],
          "private": "bnVsbA==",
          "dependencies": [
            "module.web_api.data.aws_iam_policy_document.lambda_role_iam_policy_document"
          ]
        }
      ]
    },
    {
      "module": "module.web_api",
      "mode": "managed",
      "type": "aws_iam_role",
      "name": "lambda_role",
      "provider": "provider[\"registry.terraform.io/hashicorp/aws\"]",
      "instances": [
        {
          "schema_version": 0,
          "attributes": {
            "arn": "arn:aws:iam::397693451628:role/lambda-role",
            "assume_role_policy": "{\"Version\":\"2012-10-17\",\"Statement\":[{\"Sid\":\"\",\"Effect\":\"Allow\",\"Principal\":{\"Service\":\"lambda.amazonaws.com\"},\"Action\":\"sts:AssumeRole\"}]}",
            "create_date": "2022-06-10T07:14:14Z",
            "description": "",
            "force_detach_policies": false,
            "id": "lambda-role",
            "inline_policy": [
              {
                "name": "",
                "policy": ""
              }
            ],
            "managed_policy_arns": [
              "arn:aws:iam::397693451628:policy/lambda-role-policy"
            ],
            "max_session_duration": 3600,
            "name": "lambda-role",
            "name_prefix": "",
            "path": "/",
            "permissions_boundary": null,
            "tags": {},
            "tags_all": {},
            "unique_id": "AROAVZGDAPVWALSVI7HMZ"
          },
          "sensitive_attributes": [],
          "private": "bnVsbA==",
          "dependencies": [
            "module.web_api.data.aws_iam_policy_document.lambda_role_assume_policy_document"
          ]
        }
      ]
    },
    {
      "module": "module.web_api",
      "mode": "managed",
      "type": "aws_iam_role_policy_attachment",
      "name": "lambda_role_policy_attachment",
      "provider": "provider[\"registry.terraform.io/hashicorp/aws\"]",
      "instances": [
        {
          "schema_version": 0,
          "attributes": {
            "id": "lambda-role-20220610071814165600000001",
            "policy_arn": "arn:aws:iam::397693451628:policy/lambda-role-policy",
            "role": "lambda-role"
          },
          "sensitive_attributes": [],
          "private": "bnVsbA==",
          "dependencies": [
            "module.web_api.aws_iam_policy.lambda_role_policy",
            "module.web_api.aws_iam_role.lambda_role",
            "module.web_api.data.aws_iam_policy_document.lambda_role_assume_policy_document",
            "module.web_api.data.aws_iam_policy_document.lambda_role_iam_policy_document"
          ]
        }
      ]
    },
    {
      "module": "module.web_api.module.check_function",
      "mode": "data",
      "type": "archive_file",
      "name": "python_script_archive_file",
      "provider": "provider[\"registry.terraform.io/hashicorp/archive\"]",
      "instances": [
        {
          "schema_version": 0,
          "attributes": {
            "excludes": null,
            "id": "95cac0780e97cbd52414a0d23483dd34d8ee34fd",
            "output_base64sha256": "72VJLyrxTMviKI3vXgYjvsMIkdDiL7us1iPV7NOEGqw=",
            "output_file_mode": null,
            "output_md5": "42ad550322d9daa1861036b606fe459a",
            "output_path": "web_api/lambda_function/output/registration_function_archive_file.zip",
            "output_sha": "95cac0780e97cbd52414a0d23483dd34d8ee34fd",
            "output_size": 890,
            "source": [
              {
                "content": "import json\nimport boto3\nimport uuid\nimport traceback\n\ndef main(slack_token: str, app_id: str):\n    # dynamodb = boto3.resource('dynamodb')\n    # table = dynamodb.Table('turnip-news-table')\n    \n    # print(id)\n    \n    # table.delete_item(\n    #     Key={\n    #         'newsId': id,\n    #     }\n    # )\n    \n    # \n\n    # Item がすでに存在するかチェック\n    dynamo_db = boto3.resource('dynamodb')\n    table = dynamo_db.Table('slack-table')\n    response = table.get_item(Key={\"slackToken\": slack_token})\n\n    # Item が無く、新規作成の場合\n    if 'Item' not in response:\n        item = {\n            'status': 'New',\n            'failDateTime': [],\n            'ios': {\n                'appId': {\n                    'sentEntryIds': []\n                }\n            },\n            'android': {}\n        }\n        table.put_item(Item=item)\n        return {\n            'statusCode': 200,\n            'body': '{\"message\": \"新規作成完了\"}'\n        }\n\n\n    # すでに作成されている場合亜\n\n    return {\n        'statusCode': 200,\n        'body': '{\"message\": \"すでに作成されている場合\"}'\n    }\n\n\ndef lambda_handler(event, context):\n    try:\n        body = json.loads(event['body'])\n        slack_token = body['slackToken']\n        app_id = body['appId']\n        return main(slack_token, app_id)\n    except Exception as e:\n        print('-----')\n        print('error')\n        tb = traceback.format_exc()\n        print(tb)\n        print('-----')\n        return {\n            'statusCode': 500,\n            'headers': {\n                \"Access-Control-Allow-Origin\": \"*\",\n                \"Access-Control-Allow-Headers\": \"*\",\n            },\n            'body': '{\"message\": \"エラーが起きました。\"}'\n        }\n",
                "filename": "lambda_function.py"
              }
            ],
            "source_content": null,
            "source_content_filename": null,
            "source_dir": null,
            "source_file": null,
            "type": "zip"
          },
          "sensitive_attributes": []
        }
      ]
    },
    {
      "module": "module.web_api.module.check_function",
      "mode": "data",
      "type": "template_file",
      "name": "python_script_file",
      "provider": "provider[\"registry.terraform.io/hashicorp/template\"]",
      "instances": [
        {
          "schema_version": 0,
          "attributes": {
            "filename": null,
            "id": "1c6398e8b3e4e82a7ad7a3c564b02e58dde0c81ff951723c10a32a04151969fb",
            "rendered": "import json\nimport boto3\nimport uuid\nimport traceback\n\ndef main(slack_token: str, app_id: str):\n    # dynamodb = boto3.resource('dynamodb')\n    # table = dynamodb.Table('turnip-news-table')\n    \n    # print(id)\n    \n    # table.delete_item(\n    #     Key={\n    #         'newsId': id,\n    #     }\n    # )\n    \n    # \n\n    # Item がすでに存在するかチェック\n    dynamo_db = boto3.resource('dynamodb')\n    table = dynamo_db.Table('slack-table')\n    response = table.get_item(Key={\"slackToken\": slack_token})\n\n    # Item が無く、新規作成の場合\n    if 'Item' not in response:\n        item = {\n            'status': 'New',\n            'failDateTime': [],\n            'ios': {\n                'appId': {\n                    'sentEntryIds': []\n                }\n            },\n            'android': {}\n        }\n        table.put_item(Item=item)\n        return {\n            'statusCode': 200,\n            'body': '{\"message\": \"新規作成完了\"}'\n        }\n\n\n    # すでに作成されている場合亜\n\n    return {\n        'statusCode': 200,\n        'body': '{\"message\": \"すでに作成されている場合\"}'\n    }\n\n\ndef lambda_handler(event, context):\n    try:\n        body = json.loads(event['body'])\n        slack_token = body['slackToken']\n        app_id = body['appId']\n        return main(slack_token, app_id)\n    except Exception as e:\n        print('-----')\n        print('error')\n        tb = traceback.format_exc()\n        print(tb)\n        print('-----')\n        return {\n            'statusCode': 500,\n            'headers': {\n                \"Access-Control-Allow-Origin\": \"*\",\n                \"Access-Control-Allow-Headers\": \"*\",\n            },\n            'body': '{\"message\": \"エラーが起きました。\"}'\n        }\n",
            "template": "import json\nimport boto3\nimport uuid\nimport traceback\n\ndef main(slack_token: str, app_id: str):\n    # dynamodb = boto3.resource('dynamodb')\n    # table = dynamodb.Table('turnip-news-table')\n    \n    # print(id)\n    \n    # table.delete_item(\n    #     Key={\n    #         'newsId': id,\n    #     }\n    # )\n    \n    # \n\n    # Item がすでに存在するかチェック\n    dynamo_db = boto3.resource('dynamodb')\n    table = dynamo_db.Table('slack-table')\n    response = table.get_item(Key={\"slackToken\": slack_token})\n\n    # Item が無く、新規作成の場合\n    if 'Item' not in response:\n        item = {\n            'status': 'New',\n            'failDateTime': [],\n            'ios': {\n                'appId': {\n                    'sentEntryIds': []\n                }\n            },\n            'android': {}\n        }\n        table.put_item(Item=item)\n        return {\n            'statusCode': 200,\n            'body': '{\"message\": \"新規作成完了\"}'\n        }\n\n\n    # すでに作成されている場合亜\n\n    return {\n        'statusCode': 200,\n        'body': '{\"message\": \"すでに作成されている場合\"}'\n    }\n\n\ndef lambda_handler(event, context):\n    try:\n        body = json.loads(event['body'])\n        slack_token = body['slackToken']\n        app_id = body['appId']\n        return main(slack_token, app_id)\n    except Exception as e:\n        print('-----')\n        print('error')\n        tb = traceback.format_exc()\n        print(tb)\n        print('-----')\n        return {\n            'statusCode': 500,\n            'headers': {\n                \"Access-Control-Allow-Origin\": \"*\",\n                \"Access-Control-Allow-Headers\": \"*\",\n            },\n            'body': '{\"message\": \"エラーが起きました。\"}'\n        }\n",
            "vars": null
          },
          "sensitive_attributes": []
        }
      ]
    },
    {
      "module": "module.web_api.module.check_function",
      "mode": "managed",
      "type": "aws_lambda_function",
      "name": "lambda_function",
      "provider": "provider[\"registry.terraform.io/hashicorp/aws\"]",
      "instances": [
        {
          "schema_version": 0,
          "attributes": {
            "architectures": [
              "x86_64"
            ],
            "arn": "arn:aws:lambda:ap-northeast-1:397693451628:function:registration-function",
            "code_signing_config_arn": "",
            "dead_letter_config": [],
            "description": "",
            "environment": [
              {
                "variables": {
                  "DISCORD_WEBHOOK_URL": "xxx"
                }
              }
            ],
            "ephemeral_storage": [
              {
                "size": 512
              }
            ],
            "file_system_config": [],
            "filename": "web_api/lambda_function/output/registration_function_archive_file.zip",
            "function_name": "registration-function",
            "handler": "lambda_function.lambda_handler",
            "id": "registration-function",
            "image_config": [],
            "image_uri": "",
            "invoke_arn": "arn:aws:apigateway:ap-northeast-1:lambda:path/2015-03-31/functions/arn:aws:lambda:ap-northeast-1:397693451628:function:registration-function/invocations",
            "kms_key_arn": "",
            "last_modified": "2022-06-10T14:24:26.000+0000",
            "layers": [],
            "memory_size": 128,
            "package_type": "Zip",
            "publish": false,
            "qualified_arn": "arn:aws:lambda:ap-northeast-1:397693451628:function:registration-function:$LATEST",
            "reserved_concurrent_executions": -1,
            "role": "arn:aws:iam::397693451628:role/lambda-role",
            "runtime": "python3.9",
            "s3_bucket": null,
            "s3_key": null,
            "s3_object_version": null,
            "signing_job_arn": "",
            "signing_profile_version_arn": "",
            "source_code_hash": "72VJLyrxTMviKI3vXgYjvsMIkdDiL7us1iPV7NOEGqw=",
            "source_code_size": 890,
            "tags": {},
            "tags_all": {},
            "timeout": 30,
            "timeouts": null,
            "tracing_config": [
              {
                "mode": "PassThrough"
              }
            ],
            "version": "$LATEST",
            "vpc_config": []
          },
          "sensitive_attributes": [],
          "private": "eyJlMmJmYjczMC1lY2FhLTExZTYtOGY4OC0zNDM2M2JjN2M0YzAiOnsiY3JlYXRlIjo2MDAwMDAwMDAwMDB9fQ==",
          "dependencies": [
            "module.web_api.aws_iam_role.lambda_role",
            "module.web_api.module.check_function.data.archive_file.python_script_archive_file"
          ]
        }
      ]
    },
    {
      "module": "module.web_api.module.check_function",
      "mode": "managed",
      "type": "aws_lambda_function_url",
      "name": "function_url",
      "provider": "provider[\"registry.terraform.io/hashicorp/aws\"]",
      "instances": [
        {
          "schema_version": 0,
          "attributes": {
            "authorization_type": "NONE",
            "cors": [
              {
                "allow_credentials": false,
                "allow_headers": [
                  "content-type"
                ],
                "allow_methods": [
                  "POST"
                ],
                "allow_origins": [
                  "*"
                ],
                "expose_headers": [
                  "content-type"
                ],
                "max_age": 0
              }
            ],
            "function_arn": "arn:aws:lambda:ap-northeast-1:397693451628:function:registration-function",
            "function_name": "registration-function",
            "function_url": "https://3asu6ywuha2eezgaqlw2sf7ghe0yzzho.lambda-url.ap-northeast-1.on.aws/",
            "id": "registration-function",
            "qualifier": "",
            "timeouts": null,
            "url_id": "3asu6ywuha2eezgaqlw2sf7ghe0yzzho"
          },
          "sensitive_attributes": [],
          "private": "eyJlMmJmYjczMC1lY2FhLTExZTYtOGY4OC0zNDM2M2JjN2M0YzAiOnsiY3JlYXRlIjo2MDAwMDAwMDAwMDB9fQ==",
          "dependencies": [
            "module.web_api.aws_iam_role.lambda_role",
            "module.web_api.module.check_function.aws_lambda_function.lambda_function",
            "module.web_api.module.check_function.data.archive_file.python_script_archive_file"
          ]
        }
      ]
    },
    {
      "module": "module.web_front",
      "mode": "data",
      "type": "aws_iam_policy_document",
      "name": "iam_policy_document",
      "provider": "provider[\"registry.terraform.io/hashicorp/aws\"]",
      "instances": [
        {
          "schema_version": 0,
          "attributes": {
            "id": "4077681542",
            "json": "{\n  \"Version\": \"2012-10-17\",\n  \"Statement\": [\n    {\n      \"Sid\": \"AddPerm\",\n      \"Effect\": \"Allow\",\n      \"Action\": \"s3:GetObject\",\n      \"Resource\": \"arn:aws:s3:::sandbox-web-front-bucket/*\",\n      \"Principal\": \"*\"\n    }\n  ]\n}",
            "override_json": null,
            "override_policy_documents": null,
            "policy_id": null,
            "source_json": null,
            "source_policy_documents": null,
            "statement": [
              {
                "actions": [
                  "s3:GetObject"
                ],
                "condition": [],
                "effect": "Allow",
                "not_actions": [],
                "not_principals": [],
                "not_resources": [],
                "principals": [
                  {
                    "identifiers": [
                      "*"
                    ],
                    "type": "*"
                  }
                ],
                "resources": [
                  "arn:aws:s3:::sandbox-web-front-bucket/*"
                ],
                "sid": "AddPerm"
              }
            ],
            "version": "2012-10-17"
          },
          "sensitive_attributes": []
        }
      ]
    },
    {
      "module": "module.web_front",
      "mode": "managed",
      "type": "aws_s3_bucket",
      "name": "s3_bucket",
      "provider": "provider[\"registry.terraform.io/hashicorp/aws\"]",
      "instances": [
        {
          "schema_version": 0,
          "attributes": {
            "acceleration_status": "",
            "acl": null,
            "arn": "arn:aws:s3:::sandbox-web-front-bucket",
            "bucket": "sandbox-web-front-bucket",
            "bucket_domain_name": "sandbox-web-front-bucket.s3.amazonaws.com",
            "bucket_prefix": null,
            "bucket_regional_domain_name": "sandbox-web-front-bucket.s3.ap-northeast-1.amazonaws.com",
            "cors_rule": [
              {
                "allowed_headers": [
                  "*"
                ],
                "allowed_methods": [
                  "GET"
                ],
                "allowed_origins": [
                  "*"
                ],
                "expose_headers": [],
                "max_age_seconds": 3000
              }
            ],
            "force_destroy": false,
            "grant": [
              {
                "id": "5d0f466ce156fda9af0f84fae483b5e92fe53a3365d4f206265ed8686f1acc7b",
                "permissions": [
                  "FULL_CONTROL"
                ],
                "type": "CanonicalUser",
                "uri": ""
              }
            ],
            "hosted_zone_id": "Z2M4EHUR26P7ZW",
            "id": "sandbox-web-front-bucket",
            "lifecycle_rule": [],
            "logging": [],
            "object_lock_configuration": [],
            "object_lock_enabled": false,
            "policy": "{\"Version\":\"2012-10-17\",\"Statement\":[{\"Sid\":\"AddPerm\",\"Effect\":\"Allow\",\"Principal\":\"*\",\"Action\":\"s3:GetObject\",\"Resource\":\"arn:aws:s3:::sandbox-web-front-bucket/*\"}]}",
            "region": "ap-northeast-1",
            "replication_configuration": [],
            "request_payer": "BucketOwner",
            "server_side_encryption_configuration": [],
            "tags": {},
            "tags_all": {},
            "versioning": [
              {
                "enabled": false,
                "mfa_delete": false
              }
            ],
            "website": [
              {
                "error_document": "",
                "index_document": "index.html",
                "redirect_all_requests_to": "",
                "routing_rules": ""
              }
            ],
            "website_domain": "s3-website-ap-northeast-1.amazonaws.com",
            "website_endpoint": "sandbox-web-front-bucket.s3-website-ap-northeast-1.amazonaws.com"
          },
          "sensitive_attributes": [],
          "private": "bnVsbA=="
        }
      ]
    },
    {
      "module": "module.web_front",
      "mode": "managed",
      "type": "aws_s3_bucket_cors_configuration",
      "name": "cors_configuration",
      "provider": "provider[\"registry.terraform.io/hashicorp/aws\"]",
      "instances": [
        {
          "schema_version": 0,
          "attributes": {
            "bucket": "sandbox-web-front-bucket",
            "cors_rule": [
              {
                "allowed_headers": [
                  "*"
                ],
                "allowed_methods": [
                  "GET"
                ],
                "allowed_origins": [
                  "*"
                ],
                "expose_headers": [],
                "id": "",
                "max_age_seconds": 3000
              }
            ],
            "expected_bucket_owner": "",
            "id": "sandbox-web-front-bucket"
          },
          "sensitive_attributes": [],
          "private": "bnVsbA==",
          "dependencies": [
            "module.web_front.aws_s3_bucket.s3_bucket"
          ]
        }
      ]
    },
    {
      "module": "module.web_front",
      "mode": "managed",
      "type": "aws_s3_bucket_policy",
      "name": "s3_bucket_policy",
      "provider": "provider[\"registry.terraform.io/hashicorp/aws\"]",
      "instances": [
        {
          "schema_version": 0,
          "attributes": {
            "bucket": "sandbox-web-front-bucket",
            "id": "sandbox-web-front-bucket",
            "policy": "{\"Statement\":[{\"Action\":\"s3:GetObject\",\"Effect\":\"Allow\",\"Principal\":\"*\",\"Resource\":\"arn:aws:s3:::sandbox-web-front-bucket/*\",\"Sid\":\"AddPerm\"}],\"Version\":\"2012-10-17\"}"
          },
          "sensitive_attributes": [],
          "private": "bnVsbA==",
          "dependencies": [
            "module.web_front.aws_s3_bucket.s3_bucket",
            "module.web_front.data.aws_iam_policy_document.iam_policy_document"
          ]
        }
      ]
    },
    {
      "module": "module.web_front",
      "mode": "managed",
      "type": "aws_s3_bucket_website_configuration",
      "name": "website_configuration",
      "provider": "provider[\"registry.terraform.io/hashicorp/aws\"]",
      "instances": [
        {
          "schema_version": 0,
          "attributes": {
            "bucket": "sandbox-web-front-bucket",
            "error_document": [],
            "expected_bucket_owner": "",
            "id": "sandbox-web-front-bucket",
            "index_document": [
              {
                "suffix": "index.html"
              }
            ],
            "redirect_all_requests_to": [],
            "routing_rule": [],
            "routing_rules": "",
            "website_domain": "s3-website-ap-northeast-1.amazonaws.com",
            "website_endpoint": "sandbox-web-front-bucket.s3-website-ap-northeast-1.amazonaws.com"
          },
          "sensitive_attributes": [],
          "private": "bnVsbA==",
          "dependencies": [
            "module.web_front.aws_s3_bucket.s3_bucket"
          ]
        }
      ]
    }
  ]
}
